dependencies:
- name: mongodb
  repository: https://charts.bitnami.com/bitnami
  version: 10.21.0
- name: redis
  repository: https://charts.bitnami.com/bitnami
  version: 14.6.4
digest: sha256:c3a866c100efae49bdfc62059e88c36851b207a33569b6bd9da20d589441ca16
generated: "2021-07-06T09:48:16.531095165+02:00"
