dependencies:
- name: mongodb
  repository: https://charts.bitnami.com/bitnami
  version: 10.23.10
- name: redis
  repository: https://charts.bitnami.com/bitnami
  version: 14.8.8
digest: sha256:fddd9928018c3d65a48c61700e9c0f53cca56d2770fabb2ba7c0c0f99a865735
generated: "2021-08-17T13:45:38.380396802+02:00"
